# THIS IS AN AUTOGENERATED FILE. DO NOT EDIT THIS FILE DIRECTLY.
# yarn lockfile v1


"@openzeppelin/contracts@^3.4.0":
  version "3.4.0"
  resolved "https://registry.yarnpkg.com/@openzeppelin/contracts/-/contracts-3.4.0.tgz#9a1669ad5f9fdfb6e273bb5a4fed10cb4cc35eb0"
  integrity sha512-qh+EiHWzfY/9CORr+eRUkeEUP1WiFUcq3974bLHwyYzLBUtK6HPaMkIUHi74S1rDTZ0sNz42DwPc5A4IJvN3rg==

install@^0.13.0:
  version "0.13.0"
  resolved "https://registry.yarnpkg.com/install/-/install-0.13.0.tgz#6af6e9da9dd0987de2ab420f78e60d9c17260776"
  integrity sha512-zDml/jzr2PKU9I8J/xyZBQn8rPCAY//UOYNmR01XwNwyfhEWObo2SWfSl1+0tm1u6PhxLwDnfsT/6jB7OUxqFA==
